hash: 01765ee158fc0bc0d9d300fc64e132fde1bd643de2d14f839969d8434210f080
updated: 2019-03-04T10:49:26.751808682+08:00
imports:
- name: github.com/Azure/azure-sdk-for-go
  version: da91af54816b4cf72949c225a2d0980f51fab01b
  subpackages:
  - services/compute/mgmt/2018-10-01/compute
  - services/network/mgmt/2017-09-01/network
  - services/storage/mgmt/2018-07-01/storage
  - storage
  - version
- name: github.com/Azure/go-ansiterm
  version: d6e3b3328b783f23731bc4d058875b0371ff8109
  subpackages:
  - winterm
- name: github.com/Azure/go-autorest
  version: ea233b6412b0421a65dc6160e16c893364664a95
  subpackages:
  - autorest
  - autorest/adal
  - autorest/azure
  - autorest/date
  - autorest/to
  - autorest/validation
  - logger
  - version
- name: github.com/beorn7/perks
  version: 3ac7bf7a47d159a033b107610db8a1b6575507a4
  subpackages:
  - quantile
- name: github.com/coreos/etcd
  version: 27fc7e2296f506182f58ce846e48f36b34fe6842
  subpackages:
  - alarm
  - auth
  - auth/authpb
  - client
  - clientv3
  - clientv3/concurrency
  - clientv3/namespace
  - clientv3/naming
  - compactor
  - discovery
  - embed
  - error
  - etcdserver
  - etcdserver/api
  - etcdserver/api/etcdhttp
  - etcdserver/api/v2http
  - etcdserver/api/v2http/httptypes
  - etcdserver/api/v2v3
  - etcdserver/api/v3client
  - etcdserver/api/v3election
  - etcdserver/api/v3election/v3electionpb
  - etcdserver/api/v3election/v3electionpb/gw
  - etcdserver/api/v3lock
  - etcdserver/api/v3lock/v3lockpb
  - etcdserver/api/v3lock/v3lockpb/gw
  - etcdserver/api/v3rpc
  - etcdserver/api/v3rpc/rpctypes
  - etcdserver/auth
  - etcdserver/etcdserverpb
  - etcdserver/etcdserverpb/gw
  - etcdserver/membership
  - etcdserver/stats
  - integration
  - lease
  - lease/leasehttp
  - lease/leasepb
  - mvcc
  - mvcc/backend
  - mvcc/mvccpb
  - pkg/adt
  - pkg/contention
  - pkg/cors
  - pkg/cpuutil
  - pkg/crc
  - pkg/debugutil
  - pkg/fileutil
  - pkg/httputil
  - pkg/idutil
  - pkg/ioutil
  - pkg/logutil
  - pkg/netutil
  - pkg/pathutil
  - pkg/pbutil
  - pkg/runtime
  - pkg/schedule
  - pkg/srv
  - pkg/testutil
  - pkg/tlsutil
  - pkg/transport
  - pkg/types
  - pkg/wait
  - proxy/grpcproxy
  - proxy/grpcproxy/adapter
  - proxy/grpcproxy/cache
  - raft
  - raft/raftpb
  - rafthttp
  - snap
  - snap/snappb
  - store
  - version
  - wal
  - wal/walpb
- name: github.com/coreos/go-systemd
  version: 39ca1b05acc7ad1220e09f133283b8859a8b71ab
  subpackages:
  - daemon
  - dbus
  - journal
  - util
- name: github.com/davecgh/go-spew
  version: 782f4967f2dc4564575ca782fe2d04090b5faca8
  subpackages:
  - spew
- name: github.com/dgrijalva/jwt-go
  version: 01aeca54ebda6e0fbfafd0a524d234159c05ec20
- name: github.com/docker/distribution
  version: edc3ab29cdff8694dd6feb85cfeb4b5f1b38ed9c
  subpackages:
  - digestset
  - reference
- name: github.com/docker/docker
  version: a9fbbdc8dd8794b20af358382ab780559bca589d
  subpackages:
  - api
  - api/types
  - api/types/blkiodev
  - api/types/container
  - api/types/events
  - api/types/filters
  - api/types/image
  - api/types/mount
  - api/types/network
  - api/types/registry
  - api/types/strslice
  - api/types/swarm
  - api/types/swarm/runtime
  - api/types/time
  - api/types/versions
  - api/types/volume
  - client
  - daemon/logger/jsonfilelog/jsonlog
  - pkg/jsonmessage
  - pkg/mount
  - pkg/parsers
  - pkg/parsers/operatingsystem
  - pkg/stdcopy
  - pkg/sysinfo
  - pkg/term
  - pkg/term/windows
- name: github.com/emicklei/go-restful
  version: ff4f55a206334ef123e4f79bbf348980da81ca46
  subpackages:
  - log
- name: github.com/evanphx/json-patch
  version: 5858425f75500d40c52783dce87d085a483ce135
- name: github.com/go-openapi/jsonpointer
  version: ef5f0afec364d3b9396b7b77b43dbe26bf1f8004
- name: github.com/go-openapi/jsonreference
  version: 8483a886a90412cd6858df4ea3483dce9c8e35a3
- name: github.com/go-openapi/spec
  version: 5bae59e25b21498baea7f9d46e9c147ec106a42e
- name: github.com/go-openapi/swag
  version: 5899d5c5e619fda5fa86e14795a835f473ca284c
- name: github.com/gogo/protobuf
  version: 342cbe0a04158f6dcb03ca0079991a51a4248c02
  subpackages:
  - gogoproto
  - proto
  - protoc-gen-gogo/descriptor
  - sortkeys
- name: github.com/golang/groupcache
  version: 02826c3e79038b59d737d3b1c0a1d937f71a4433
  subpackages:
  - lru
- name: github.com/golang/protobuf
  version: b4deda0973fb4c70b50d226b1af49f3da59f5265
  subpackages:
  - jsonpb
  - proto
  - protoc-gen-go/descriptor
  - ptypes
  - ptypes/any
  - ptypes/duration
  - ptypes/struct
  - ptypes/timestamp
  - ptypes/wrappers
- name: github.com/google/gofuzz
  version: 24818f796faf91cd76ec7bddd72458fbced7a6c1
- name: github.com/googleapis/gnostic
  version: 0c5108395e2debce0d731cf0287ddf7242066aba
  subpackages:
  - OpenAPIv2
  - compiler
  - extensions
- name: github.com/grpc-ecosystem/go-grpc-prometheus
  version: 2500245aa6110c562d17020fb31a2c133d737799
- name: github.com/hashicorp/golang-lru
  version: 20f1fb78b0740ba8c3cb143a61e86ba5c8669768
  subpackages:
  - simplelru
- name: github.com/imdario/mergo
  version: 9316a62528ac99aaecb4e47eadd6dc8aa6533d58
- name: github.com/inconshreveable/mousetrap
  version: 76626ae9c91c4f2a10f34cad8ce83ea42c93bb75
- name: github.com/json-iterator/go
  version: ab8a2e0c74be9d3be70b3184d9acc634935ded82
- name: github.com/mailru/easyjson
  version: 2f5df55504ebc322e4d52d34df6a1f5b503bf26d
  subpackages:
  - buffer
  - jlexer
  - jwriter
- name: github.com/marstr/guid
  version: 8bdf7d1a087ccc975cf37dd6507da50698fd19ca
- name: github.com/matttproud/golang_protobuf_extensions
  version: c12348ce28de40eed0136aa2b644d0ee0650e56c
  subpackages:
  - pbutil
- name: github.com/modern-go/concurrent
  version: bacd9c7ef1dd9b15be4a9909b8ac7a4e313eec94
- name: github.com/modern-go/reflect2
  version: 94122c33edd36123c84d5368cfb2b69df93a0ec8
- name: github.com/munnerz/goautoneg
  version: a547fc61f48d567d5b4ec6f8aee5573d8efce11d
- name: github.com/NYTimes/gziphandler
  version: 56545f4a5d46df9a6648819d1664c3a03a13ffdb
- name: github.com/onsi/ginkgo
  version: 67b9df7f55fe1165fd9ad49aca7754cce01a42b8
  subpackages:
  - config
  - ginkgo
  - ginkgo/convert
  - ginkgo/interrupthandler
  - ginkgo/nodot
  - ginkgo/testrunner
  - ginkgo/testsuite
  - ginkgo/watch
  - internal/codelocation
  - internal/containernode
  - internal/failer
  - internal/leafnodes
  - internal/remote
  - internal/spec
  - internal/spec_iterator
  - internal/specrunner
  - internal/suite
  - internal/testingtproxy
  - internal/writer
  - reporters
  - reporters/stenographer
  - reporters/stenographer/support/go-colorable
  - reporters/stenographer/support/go-isatty
  - types
- name: github.com/onsi/gomega
  version: d59fa0ac68bb5dd932ee8d24eed631cdd519efc3
  subpackages:
  - format
  - gstruct
  - gstruct/errors
  - internal/assertion
  - internal/asyncassertion
  - internal/oraclematcher
  - internal/testingtsupport
  - matchers
  - matchers/support/goraph/bipartitegraph
  - matchers/support/goraph/edge
  - matchers/support/goraph/node
  - matchers/support/goraph/util
  - types
- name: github.com/opencontainers/go-digest
  version: a6d0ee40d4207ea02364bd3b9e8e77b9159ba1eb
- name: github.com/pborman/uuid
  version: ca53cad383cad2479bbba7f7a1a05797ec1386e4
- name: github.com/prometheus/client_golang
  version: 505eaef017263e299324067d40ca2c48f6a2cf50
  subpackages:
  - prometheus
  - prometheus/internal
  - prometheus/promhttp
- name: github.com/prometheus/client_model
  version: fa8ad6fec33561be4280a8f0514318c79d7f6cb6
  subpackages:
  - go
- name: github.com/prometheus/common
  version: cfeb6f9992ffa54aaa4f2170ade4067ee478b250
  subpackages:
  - expfmt
  - internal/bitbucket.org/ww/goautoneg
  - model
- name: github.com/prometheus/procfs
  version: 65c1f6f8f0fc1e2185eb9863a3bc751496404259
  subpackages:
  - xfs
- name: github.com/PuerkitoBio/purell
  version: 8a290539e2e8629dbc4e6bad948158f790ec31f4
- name: github.com/PuerkitoBio/urlesc
  version: 5bd2802263f21d8788851d5305584c82a5c75d7e
- name: github.com/rubiojr/go-vhd
  version: 0bfd3b39853cdde5762efda92289f14b0ac0491b
  subpackages:
  - vhd
- name: github.com/satori/go.uuid
  version: f58768cc1a7a7e77a3bd49e98cdd21419399b6a3
- name: github.com/sirupsen/logrus
  version: 89742aefa4b206dcf400792f3bd35b542998eb3b
- name: github.com/spf13/cobra
  version: 7547e83b2d85fd1893c7d76916f67689d761fecb
- name: github.com/spf13/pflag
  version: 24fa6976df40757dce6aea913e7b81ade90530e1
- name: golang.org/x/crypto
  version: de0752318171da717af4ce24d0a2e8626afaeb11
  subpackages:
  - bcrypt
  - blowfish
  - cryptobyte
  - cryptobyte/asn1
  - curve25519
  - ed25519
  - ed25519/internal/edwards25519
  - internal/chacha20
  - internal/subtle
  - nacl/secretbox
  - ocsp
  - pkcs12
  - pkcs12/internal/rc2
  - poly1305
  - salsa20/salsa
  - ssh
  - ssh/terminal
- name: golang.org/x/net
  version: 0ed95abb35c445290478a5348a7b38bb154135fd
  subpackages:
  - context
  - http2
  - http2/hpack
  - idna
  - internal/timeseries
  - lex/httplex
  - trace
  - websocket
- name: golang.org/x/oauth2
  version: a6bd8cefa1811bd24b86f8902872e4e8225f74c4
  subpackages:
  - google
  - internal
  - jws
  - jwt
- name: golang.org/x/sys
  version: 95c6576299259db960f6c5b9b69ea52422860fce
  subpackages:
  - unix
  - windows
  - windows/registry
  - windows/svc
- name: golang.org/x/text
  version: b19bf474d317b857955b12035d2c5acb57ce8b01
  subpackages:
  - cases
  - internal
  - internal/tag
  - language
  - runes
  - secure/bidirule
  - secure/precis
  - transform
  - unicode/bidi
  - unicode/norm
  - width
- name: golang.org/x/time
  version: f51c12702a4d776e4c1fa9b0fabab841babae631
  subpackages:
  - rate
- name: google.golang.org/appengine
  version: 54a98f90d1c46b7731eb8fb305d2a321c30ef610
  subpackages:
  - internal
  - internal/base
  - internal/datastore
  - internal/log
  - internal/remote_api
  - internal/urlfetch
  - urlfetch
- name: google.golang.org/genproto
  version: 09f6ed296fc66555a25fe4ce95173148778dfa85
  subpackages:
  - googleapis/rpc/status
- name: google.golang.org/grpc
  version: 168a6198bcb0ef175f7dacec0b8691fc141dc9b8
  subpackages:
  - balancer
  - balancer/base
  - balancer/roundrobin
  - codes
  - connectivity
  - credentials
  - encoding
  - encoding/proto
  - grpclb/grpc_lb_v1/messages
  - grpclog
  - health
  - health/grpc_health_v1
  - internal
  - internal/backoff
  - internal/channelz
  - internal/grpcrand
  - keepalive
  - metadata
  - naming
  - peer
  - resolver
  - resolver/dns
  - resolver/passthrough
  - stats
  - status
  - tap
  - transport
- name: gopkg.in/inf.v0
  version: 3887ee99ecf07df5b447e9b00d9c0b2adaa9f3e4
- name: gopkg.in/natefinch/lumberjack.v2
  version: 20b71e5b60d756d3d2f80def009790325acc2b23
- name: gopkg.in/square/go-jose.v2
  version: 89060dee6a84df9a4dae49f676f0c755037834f1
  subpackages:
  - cipher
  - json
  - jwt
- name: gopkg.in/yaml.v2
  version: 5420a8b6744d3b0345ab293f6fcba19c978f1183
- name: k8s.io/api
  version: 676ab814e75ce50ce3894737e54e4609919742f6
  subpackages:
  - admission/v1beta1
  - admissionregistration/v1beta1
  - apps/v1
  - apps/v1beta1
  - apps/v1beta2
  - auditregistration/v1alpha1
  - authentication/v1
  - authentication/v1beta1
  - authorization/v1
  - authorization/v1beta1
  - autoscaling/v1
  - autoscaling/v2beta1
  - autoscaling/v2beta2
  - batch/v1
  - batch/v1beta1
  - batch/v2alpha1
  - certificates/v1beta1
  - coordination/v1
  - coordination/v1beta1
  - core/v1
  - events/v1beta1
  - extensions/v1beta1
  - networking/v1
  - networking/v1beta1
  - policy/v1beta1
  - rbac/v1
  - rbac/v1alpha1
  - rbac/v1beta1
  - scheduling/v1
  - scheduling/v1alpha1
  - scheduling/v1beta1
  - settings/v1alpha1
  - storage/v1
  - storage/v1alpha1
  - storage/v1beta1
- name: k8s.io/apiextensions-apiserver
  version: c617180602d8c12b3eb714c2ab060eab84c57520
  subpackages:
  - pkg/features
- name: k8s.io/apimachinery
  version: 81b69da5c302c79688d4fd69ff47a73d95cb4e26
  subpackages:
  - pkg/api/equality
  - pkg/api/errors
  - pkg/api/meta
  - pkg/api/resource
  - pkg/api/validation
  - pkg/api/validation/path
  - pkg/apis/meta/internalversion
  - pkg/apis/meta/v1
  - pkg/apis/meta/v1/unstructured
  - pkg/apis/meta/v1/validation
  - pkg/apis/meta/v1beta1
  - pkg/conversion
  - pkg/conversion/queryparams
  - pkg/fields
  - pkg/labels
  - pkg/runtime
  - pkg/runtime/schema
  - pkg/runtime/serializer
  - pkg/runtime/serializer/json
  - pkg/runtime/serializer/protobuf
  - pkg/runtime/serializer/recognizer
  - pkg/runtime/serializer/streaming
  - pkg/runtime/serializer/versioning
  - pkg/selection
  - pkg/types
  - pkg/util/cache
  - pkg/util/clock
  - pkg/util/diff
  - pkg/util/errors
  - pkg/util/framer
  - pkg/util/intstr
  - pkg/util/json
  - pkg/util/mergepatch
  - pkg/util/naming
  - pkg/util/net
  - pkg/util/rand
  - pkg/util/runtime
  - pkg/util/sets
  - pkg/util/strategicpatch
  - pkg/util/uuid
  - pkg/util/validation
  - pkg/util/validation/field
  - pkg/util/wait
  - pkg/util/waitgroup
  - pkg/util/yaml
  - pkg/version
  - pkg/watch
  - third_party/forked/golang/json
  - third_party/forked/golang/reflect
- name: k8s.io/apiserver
  version: 9421e6206e41cafc7fc354e842f1f368e91d8b2f
  subpackages:
  - pkg/admission
  - pkg/admission/configuration
  - pkg/admission/initializer
  - pkg/admission/metrics
  - pkg/admission/plugin/namespace/lifecycle
  - pkg/admission/plugin/webhook/config
  - pkg/admission/plugin/webhook/config/apis/webhookadmission
  - pkg/admission/plugin/webhook/config/apis/webhookadmission/v1alpha1
  - pkg/admission/plugin/webhook/errors
  - pkg/admission/plugin/webhook/generic
  - pkg/admission/plugin/webhook/mutating
  - pkg/admission/plugin/webhook/namespace
  - pkg/admission/plugin/webhook/request
  - pkg/admission/plugin/webhook/rules
  - pkg/admission/plugin/webhook/util
  - pkg/admission/plugin/webhook/validating
  - pkg/apis/apiserver
  - pkg/apis/apiserver/install
  - pkg/apis/apiserver/v1alpha1
  - pkg/apis/audit
  - pkg/apis/audit/install
  - pkg/apis/audit/v1
  - pkg/apis/audit/v1alpha1
  - pkg/apis/audit/v1beta1
  - pkg/apis/audit/validation
  - pkg/audit
  - pkg/audit/event
  - pkg/audit/policy
  - pkg/audit/util
  - pkg/authentication/authenticator
  - pkg/authentication/authenticatorfactory
  - pkg/authentication/group
  - pkg/authentication/request/anonymous
  - pkg/authentication/request/bearertoken
  - pkg/authentication/request/headerrequest
  - pkg/authentication/request/union
  - pkg/authentication/request/websocket
  - pkg/authentication/request/x509
  - pkg/authentication/serviceaccount
  - pkg/authentication/token/cache
  - pkg/authentication/token/tokenfile
  - pkg/authentication/user
  - pkg/authorization/authorizer
  - pkg/authorization/authorizerfactory
  - pkg/authorization/path
  - pkg/authorization/union
  - pkg/endpoints
  - pkg/endpoints/discovery
  - pkg/endpoints/filters
  - pkg/endpoints/handlers
  - pkg/endpoints/handlers/fieldmanager
  - pkg/endpoints/handlers/fieldmanager/internal
  - pkg/endpoints/handlers/negotiation
  - pkg/endpoints/handlers/responsewriters
  - pkg/endpoints/metrics
  - pkg/endpoints/openapi
  - pkg/endpoints/request
  - pkg/features
  - pkg/registry/generic
  - pkg/registry/generic/registry
  - pkg/registry/rest
  - pkg/server
  - pkg/server/filters
  - pkg/server/healthz
  - pkg/server/httplog
  - pkg/server/mux
  - pkg/server/options
  - pkg/server/resourceconfig
  - pkg/server/routes
  - pkg/server/storage
  - pkg/storage
  - pkg/storage/cacher
  - pkg/storage/errors
  - pkg/storage/etcd
  - pkg/storage/etcd/metrics
  - pkg/storage/etcd3
  - pkg/storage/names
  - pkg/storage/storagebackend
  - pkg/storage/storagebackend/factory
  - pkg/storage/value
  - pkg/util/dryrun
  - pkg/util/feature
  - pkg/util/flushwriter
  - pkg/util/openapi
  - pkg/util/term
  - pkg/util/webhook
  - pkg/util/wsstream
  - plugin/pkg/audit/buffered
  - plugin/pkg/audit/dynamic
  - plugin/pkg/audit/dynamic/enforced
  - plugin/pkg/audit/log
  - plugin/pkg/audit/truncate
  - plugin/pkg/audit/webhook
  - plugin/pkg/authenticator/token/webhook
  - plugin/pkg/authorizer/webhook
- name: k8s.io/client-go
  version: 5771679deb5557d394e16889cfb681e371894b30
  subpackages:
  - discovery
  - informers
  - informers/admissionregistration
  - informers/admissionregistration/v1beta1
  - informers/apps
  - informers/apps/v1
  - informers/apps/v1beta1
  - informers/apps/v1beta2
  - informers/auditregistration
  - informers/auditregistration/v1alpha1
  - informers/autoscaling
  - informers/autoscaling/v1
  - informers/autoscaling/v2beta1
  - informers/autoscaling/v2beta2
  - informers/batch
  - informers/batch/v1
  - informers/batch/v1beta1
  - informers/batch/v2alpha1
  - informers/certificates
  - informers/certificates/v1beta1
  - informers/coordination
  - informers/coordination/v1
  - informers/coordination/v1beta1
  - informers/core
  - informers/core/v1
  - informers/events
  - informers/events/v1beta1
  - informers/extensions
  - informers/extensions/v1beta1
  - informers/internalinterfaces
  - informers/networking
  - informers/networking/v1
  - informers/networking/v1beta1
  - informers/policy
  - informers/policy/v1beta1
  - informers/rbac
  - informers/rbac/v1
  - informers/rbac/v1alpha1
  - informers/rbac/v1beta1
  - informers/scheduling
  - informers/scheduling/v1
  - informers/scheduling/v1alpha1
  - informers/scheduling/v1beta1
  - informers/settings
  - informers/settings/v1alpha1
  - informers/storage
  - informers/storage/v1
  - informers/storage/v1alpha1
  - informers/storage/v1beta1
  - kubernetes
  - kubernetes/scheme
  - kubernetes/typed/admissionregistration/v1beta1
  - kubernetes/typed/apps/v1
  - kubernetes/typed/apps/v1beta1
  - kubernetes/typed/apps/v1beta2
  - kubernetes/typed/auditregistration/v1alpha1
  - kubernetes/typed/authentication/v1
  - kubernetes/typed/authentication/v1beta1
  - kubernetes/typed/authorization/v1
  - kubernetes/typed/authorization/v1beta1
  - kubernetes/typed/autoscaling/v1
  - kubernetes/typed/autoscaling/v2beta1
  - kubernetes/typed/autoscaling/v2beta2
  - kubernetes/typed/batch/v1
  - kubernetes/typed/batch/v1beta1
  - kubernetes/typed/batch/v2alpha1
  - kubernetes/typed/certificates/v1beta1
  - kubernetes/typed/coordination/v1
  - kubernetes/typed/coordination/v1beta1
  - kubernetes/typed/core/v1
  - kubernetes/typed/events/v1beta1
  - kubernetes/typed/extensions/v1beta1
  - kubernetes/typed/networking/v1
  - kubernetes/typed/networking/v1beta1
  - kubernetes/typed/policy/v1beta1
  - kubernetes/typed/rbac/v1
  - kubernetes/typed/rbac/v1alpha1
  - kubernetes/typed/rbac/v1beta1
  - kubernetes/typed/scheduling/v1
  - kubernetes/typed/scheduling/v1alpha1
  - kubernetes/typed/scheduling/v1beta1
  - kubernetes/typed/settings/v1alpha1
  - kubernetes/typed/storage/v1
  - kubernetes/typed/storage/v1alpha1
  - kubernetes/typed/storage/v1beta1
  - listers/admissionregistration/v1beta1
  - listers/apps/v1
  - listers/apps/v1beta1
  - listers/apps/v1beta2
  - listers/auditregistration/v1alpha1
  - listers/autoscaling/v1
  - listers/autoscaling/v2beta1
  - listers/autoscaling/v2beta2
  - listers/batch/v1
  - listers/batch/v1beta1
  - listers/batch/v2alpha1
  - listers/certificates/v1beta1
  - listers/coordination/v1
  - listers/coordination/v1beta1
  - listers/core/v1
  - listers/events/v1beta1
  - listers/extensions/v1beta1
  - listers/networking/v1
  - listers/networking/v1beta1
  - listers/policy/v1beta1
  - listers/rbac/v1
  - listers/rbac/v1alpha1
  - listers/rbac/v1beta1
  - listers/scheduling/v1
  - listers/scheduling/v1alpha1
  - listers/scheduling/v1beta1
  - listers/settings/v1alpha1
  - listers/storage/v1
  - listers/storage/v1alpha1
  - listers/storage/v1beta1
  - pkg/apis/clientauthentication
  - pkg/apis/clientauthentication/v1alpha1
  - pkg/apis/clientauthentication/v1beta1
  - pkg/version
  - plugin/pkg/client/auth/exec
  - rest
  - rest/watch
  - tools/auth
  - tools/cache
  - tools/clientcmd
  - tools/clientcmd/api
  - tools/clientcmd/api/latest
  - tools/clientcmd/api/v1
  - tools/leaderelection
  - tools/leaderelection/resourcelock
  - tools/metrics
  - tools/pager
  - tools/record
  - tools/record/util
  - tools/reference
  - tools/watch
  - transport
  - util/cert
  - util/connrotation
  - util/flowcontrol
  - util/homedir
  - util/keyutil
  - util/retry
  - util/workqueue
- name: k8s.io/cloud-provider
  version: a4502edb8db4740dfd1d7ee0d5a1242a6ca395f5
  subpackages:
  - features
  - service/helpers
  - volume
  - volume/errors
  - volume/helpers
- name: k8s.io/component-base
  version: ea97baa8198a1b241e8c4c8e7d85d86f2c25d4e1
  subpackages:
  - cli/flag
  - cli/globalflag
  - config
  - config/v1alpha1
  - logs
- name: k8s.io/klog
  version: 8139d8cb77af419532b33dfa7dd09fbc5f1d344f
- name: k8s.io/kube-controller-manager
  version: 277831e8d7ff7f4a887b67453163183065ea33ad
  subpackages:
  - config/v1alpha1
- name: k8s.io/kube-openapi
  version: d7c86cdc46e3a4fcf892b32dd7bc3aa775e0870e
  subpackages:
  - cmd/openapi-gen
  - cmd/openapi-gen/args
  - pkg/aggregator
  - pkg/builder
  - pkg/common
  - pkg/generators
  - pkg/generators/rules
  - pkg/handler
  - pkg/schemaconv
  - pkg/util
  - pkg/util/proto
  - pkg/util/proto/testing
  - pkg/util/proto/validation
  - pkg/util/sets
- name: k8s.io/kubernetes
  version: 6c7afd1222ebf2cb91567364471d74ac056437b7
  subpackages:
  - cmd/cloud-controller-manager/app
  - cmd/cloud-controller-manager/app/apis/config
  - cmd/cloud-controller-manager/app/apis/config/scheme
  - cmd/cloud-controller-manager/app/apis/config/v1alpha1
  - cmd/cloud-controller-manager/app/config
  - cmd/cloud-controller-manager/app/options
  - cmd/controller-manager/app
  - cmd/controller-manager/app/options
  - pkg/api/legacyscheme
  - pkg/api/service
  - pkg/api/v1/node
  - pkg/api/v1/pod
  - pkg/apis/apps
  - pkg/apis/autoscaling
  - pkg/apis/core
  - pkg/apis/core/helper
  - pkg/apis/core/install
  - pkg/apis/core/pods
  - pkg/apis/core/v1
  - pkg/apis/core/v1/helper
  - pkg/apis/core/validation
  - pkg/apis/scheduling
  - pkg/capabilities
  - pkg/client/leaderelectionconfig
  - pkg/cloudprovider/providers/azure
  - pkg/cloudprovider/providers/azure/auth
  - pkg/controller
  - pkg/controller/apis/config
  - pkg/controller/apis/config/v1alpha1
  - pkg/controller/cloud
  - pkg/controller/route
  - pkg/controller/service
  - pkg/features
  - pkg/fieldpath
  - pkg/kubelet/apis
  - pkg/kubelet/types
  - pkg/master/ports
  - pkg/scheduler/api
  - pkg/security/apparmor
  - pkg/serviceaccount
  - pkg/util/configz
  - pkg/util/flag
  - pkg/util/hash
  - pkg/util/metrics
  - pkg/util/node
  - pkg/util/parsers
  - pkg/util/taints
  - pkg/version
  - pkg/version/verflag
- name: k8s.io/utils
  version: c2654d5206da6b7b6ace12841e8f359bb89b443c
  subpackages:
  - buffer
  - integer
  - net
  - path
  - pointer
  - trace
- name: sigs.k8s.io/structured-merge-diff
  version: e5e029740eb81ee0217ecf9d950c25a0eeb9688a
  subpackages:
  - fieldpath
  - merge
  - schema
  - typed
  - value
- name: sigs.k8s.io/yaml
  version: fd68e9863619f6ec2fdd8625fe1f02e7c877e480
testImports:
- name: github.com/pmezard/go-difflib
  version: 5d4384ee4fb2527b0a1256a821ebfc92f91efefc
  subpackages:
  - difflib
- name: github.com/stretchr/testify
  version: 69483b4bd14f5845b5a1e55bca19e954e827f1d0
  subpackages:
  - assert
